{
  "nodes": {
    "nixhooks": {
      "locked": {
        "lastModified": 1625557891,
        "narHash": "sha256-O8/MWsPBGhhyPoPLHZAuoZiiHo9q6FLlEeIDEXuj6T4=",
        "owner": "divnix",
        "repo": "blank",
        "rev": "5a5d2684073d9f563072ed07c871d577a6c614a8",
        "type": "github"
      },
      "original": {
        "owner": "divnix",
        "repo": "blank",
        "type": "github"
      }
    },
    "nixpkgs": {
      "locked": {
        "lastModified": 1625557891,
        "narHash": "sha256-O8/MWsPBGhhyPoPLHZAuoZiiHo9q6FLlEeIDEXuj6T4=",
        "owner": "divnix",
        "repo": "blank",
        "rev": "5a5d2684073d9f563072ed07c871d577a6c614a8",
        "type": "github"
      },
      "original": {
        "owner": "divnix",
        "repo": "blank",
        "type": "github"
      }
    },
    "root": {
      "inputs": {
        "nixhooks": "nixhooks",
        "nixpkgs": "nixpkgs",
        "scoped-flakes": "scoped-flakes"
      }
    },
    "scoped-flakes": {
      "inputs": {
        "nixhooks": [
          "nixhooks"
        ],
        "nixpkgs": [
          "nixpkgs"
        ]
      },
      "locked": {
        "lastModified": 1790542265,
        "narHash": "sha256-03NsZKhPnve2uls3aEK2Miv6smkGKpdr8hEDY4eNtj4=",
        "ref": "refs/heads/main",
        "rev": "3a91fbc84478f2caff0685fb005b94c5a6ee77fe",
        "revCount": 4,
        "type": "git",
        "url": "https://tangled.org/poacher.dev/scoped-flakes"
      },
      "original": {
        "type": "git",
        "url": "https://tangled.org/poacher.dev/scoped-flakes"
      }
    }
  },
  "root": "root",
  "version": 7
}
