{
  "nodes": {
    "nixhooks": {
      "inputs": {
        "nixpkgs": [
          "nixpkgs"
        ]
      },
      "locked": {
        "lastModified": 1789628325,
        "narHash": "sha256-/cLDZ7DQdTFwKUUdCa08PDIh6smFJvecQqHLO1QRIXo=",
        "ref": "refs/heads/main",
        "rev": "b4d99e37aa4ef5b23621dfff7d95135283d14d77",
        "revCount": 34,
        "type": "git",
        "url": "https://tangled.org/poacher.dev/nixhooks"
      },
      "original": {
        "type": "git",
        "url": "https://tangled.org/poacher.dev/nixhooks"
      }
    },
    "nixpkgs": {
      "locked": {
        "lastModified": 1785975029,
        "narHash": "sha256-X44cn5rzytELc3NNoQsh0aLkjWA/QzPfc6HPQmsG3sU=",
        "owner": "nixos",
        "repo": "nixpkgs",
        "rev": "70ce234312134a463ba7728e94da2486a1d237ac",
        "type": "github"
      },
      "original": {
        "owner": "nixos",
        "ref": "nixpkgs-unstable",
        "repo": "nixpkgs",
        "type": "github"
      }
    },
    "root": {
      "inputs": {
        "nixhooks": "nixhooks",
        "nixpkgs": "nixpkgs"
      }
    }
  },
  "root": "root",
  "version": 7
}
